{
	"name": "nativescript-themes",
	"version": "2.0.0",
	"lockfileVersion": 1,
	"requires": true,
	"dependencies": {
		"prettier": {
			"version": "1.16.4",
			"resolved": "https://registry.npmjs.org/prettier/-/prettier-1.16.4.tgz",
			"integrity": "sha512-ZzWuos7TI5CKUeQAtFd6Zhm2s6EpAD/ZLApIhsF9pRvRtM1RFo61dM/4MSRUA0SuLugA/zgrZD8m0BaY46Og7g==",
			"dev": true
		},
		"tns-core-modules": {
			"version": "5.3.1",
			"resolved": "https://registry.npmjs.org/tns-core-modules/-/tns-core-modules-5.3.1.tgz",
			"integrity": "sha512-b1zBFr+LTxnUe+jxMqyfjHYXKqbECT/YNqtxmJpbma9P+gqPTfFJ1eFWU+yVNQVDIQhZ/Wy8P56H6cm99nmYoQ==",
			"dev": true,
			"requires": {
				"tns-core-modules-widgets": "5.3.0",
				"tslib": "^1.9.3"
			}
		},
		"tns-core-modules-widgets": {
			"version": "5.3.0",
			"resolved": "https://registry.npmjs.org/tns-core-modules-widgets/-/tns-core-modules-widgets-5.3.0.tgz",
			"integrity": "sha512-mR8Pof0NhMRhPYcshQ54WyPrlbrqmTgrwxALtF1485fbCAHblz/2DqU7yGmTgC5LNdV7yhNeHYouoYg3TYOZbA==",
			"dev": true
		},
		"tns-platform-declarations": {
			"version": "5.3.1",
			"resolved": "https://registry.npmjs.org/tns-platform-declarations/-/tns-platform-declarations-5.3.1.tgz",
			"integrity": "sha512-sTEx3eGOEqILzLTARIamuMlCL0fZ3REyVaCJ0n19Nq7OdjnQiTV6zGADl5yQ1mI4NLZVtAtLQgc90Qj9XYnMIw==",
			"dev": true
		},
		"tslib": {
			"version": "1.9.3",
			"resolved": "https://registry.npmjs.org/tslib/-/tslib-1.9.3.tgz",
			"integrity": "sha512-4krF8scpejhaOgqzBEcGM7yDIEfi0/8+8zDRZhNZZ2kjmHJ4hv3zCbQWxoJGz1iw5U0Jl0nma13xzHXcncMavQ==",
			"dev": true
		},
		"typescript": {
			"version": "3.1.6",
			"resolved": "https://registry.npmjs.org/typescript/-/typescript-3.1.6.tgz",
			"integrity": "sha512-tDMYfVtvpb96msS1lDX9MEdHrW4yOuZ4Kdc4Him9oU796XldPYF/t2+uKoX0BBa0hXXwDlqYQbXY5Rzjzc5hBA==",
			"dev": true
		}
	}
}
